
Microsoft Visual Studio Solution File, Format Version 12.00
# Visual Studio Version 17
VisualStudioVersion = 17.4.33205.214
MinimumVisualStudioVersion = 10.0.40219.1
Project("{FAE04EC0-301F-11D3-BF4B-00C04F79EFBC}") = "WindowsFormsApp1", "WindowsFormsApp1\WindowsFormsApp1.csproj", "{ABDD057D-86F3-4389-9F47-801528D2DFDE}"
EndProject
Global
	GlobalSection(SolutionConfigurationPlatforms) = preSolution
		Debug|Any CPU = Debug|Any CPU
		Release|Any CPU = Release|Any CPU
	EndGlobalSection
	GlobalSection(ProjectConfigurationPlatforms) = postSolution
		{ABDD057D-86F3-4389-9F47-801528D2DFDE}.Debug|Any CPU.ActiveCfg = Debug|Any CPU
		{ABDD057D-86F3-4389-9F47-801528D2DFDE}.Debug|Any CPU.Build.0 = Debug|Any CPU
		{ABDD057D-86F3-4389-9F47-801528D2DFDE}.Release|Any CPU.ActiveCfg = Release|Any CPU
		{ABDD057D-86F3-4389-9F47-801528D2DFDE}.Release|Any CPU.Build.0 = Release|Any CPU
	EndGlobalSection
	GlobalSection(SolutionProperties) = preSolution
		HideSolutionNode = FALSE
	EndGlobalSection
	GlobalSection(ExtensibilityGlobals) = postSolution
		SolutionGuid = {F95E9D31-FB1B-489F-95D2-947601F4FE46}
	EndGlobalSection
EndGlobal
